// !$*UTF8*$!
{
	archiveVersion = 1;
	classes = {
	};
	objectVersion = 46;
	objects = {

/* Begin PBXBuildFile section */
		457DEFB896CD4B97948E9401 /* libPods-CocoaPodsTests.a in Frameworks */ = {isa = PBXBuildFile; fileRef = BE27DB1AFC6F4C2498848499 /* libPods-CocoaPodsTests.a */; };
		8A275F8D178EFD2800FAB421 /* CCPShellHandler.m in Sources */ = {isa = PBXBuildFile; fileRef = 8A275F8C178EFD2800FAB421 /* CCPShellHandler.m */; };
		8A275F8E178EFD2800FAB421 /* CCPShellHandler.m in Sources */ = {isa = PBXBuildFile; fileRef = 8A275F8C178EFD2800FAB421 /* CCPShellHandler.m */; };
		8A80859E178B93C4006E56E3 /* AppKit.framework in Frameworks */ = {isa = PBXBuildFile; fileRef = 8A80859D178B93C4006E56E3 /* AppKit.framework */; };
		8A8085A0178B93C4006E56E3 /* Foundation.framework in Frameworks */ = {isa = PBXBuildFile; fileRef = 8A80859F178B93C4006E56E3 /* Foundation.framework */; };
		8A8085A6178B93C4006E56E3 /* InfoPlist.strings in Resources */ = {isa = PBXBuildFile; fileRef = 8A8085A4178B93C4006E56E3 /* InfoPlist.strings */; };
		8A8085A9178B93C4006E56E3 /* CocoaPods.m in Sources */ = {isa = PBXBuildFile; fileRef = 8A8085A8178B93C4006E56E3 /* CocoaPods.m */; };
		DA5DD7DA178E02900032D9C3 /* CocoaPods.m in Sources */ = {isa = PBXBuildFile; fileRef = 8A8085A8178B93C4006E56E3 /* CocoaPods.m */; };
		DAB0A1E6178DF5EE004A754B /* SenTestingKit.framework in Frameworks */ = {isa = PBXBuildFile; fileRef = DAB0A1E5178DF5EE004A754B /* SenTestingKit.framework */; };
		DAB0A1EC178DF5EE004A754B /* InfoPlist.strings in Resources */ = {isa = PBXBuildFile; fileRef = DAB0A1EA178DF5EE004A754B /* InfoPlist.strings */; };
		DAB0A1F6178DF64E004A754B /* CocoaPodsSpec.m in Sources */ = {isa = PBXBuildFile; fileRef = DAB0A1F5178DF64E004A754B /* CocoaPodsSpec.m */; };
/* End PBXBuildFile section */

/* Begin PBXFileReference section */
		8A275F8B178EFD2800FAB421 /* CCPShellHandler.h */ = {isa = PBXFileReference; fileEncoding = 4; lastKnownFileType = sourcecode.c.h; path = CCPShellHandler.h; sourceTree = "<group>"; };
		8A275F8C178EFD2800FAB421 /* CCPShellHandler.m */ = {isa = PBXFileReference; fileEncoding = 4; lastKnownFileType = sourcecode.c.objc; path = CCPShellHandler.m; sourceTree = "<group>"; };
		8A80859A178B93C4006E56E3 /* CocoaPods.xcplugin */ = {isa = PBXFileReference; explicitFileType = wrapper.cfbundle; includeInIndex = 0; path = CocoaPods.xcplugin; sourceTree = BUILT_PRODUCTS_DIR; };
		8A80859D178B93C4006E56E3 /* AppKit.framework */ = {isa = PBXFileReference; lastKnownFileType = wrapper.framework; name = AppKit.framework; path = System/Library/Frameworks/AppKit.framework; sourceTree = SDKROOT; };
		8A80859F178B93C4006E56E3 /* Foundation.framework */ = {isa = PBXFileReference; lastKnownFileType = wrapper.framework; name = Foundation.framework; path = System/Library/Frameworks/Foundation.framework; sourceTree = SDKROOT; };
		8A8085A3178B93C4006E56E3 /* CocoaPods-Info.plist */ = {isa = PBXFileReference; lastKnownFileType = text.plist.xml; path = "CocoaPods-Info.plist"; sourceTree = "<group>"; };
		8A8085A5178B93C4006E56E3 /* en */ = {isa = PBXFileReference; lastKnownFileType = text.plist.strings; name = en; path = en.lproj/InfoPlist.strings; sourceTree = "<group>"; };
		8A8085A7178B93C4006E56E3 /* CocoaPods.h */ = {isa = PBXFileReference; lastKnownFileType = sourcecode.c.h; path = CocoaPods.h; sourceTree = "<group>"; };
		8A8085A8178B93C4006E56E3 /* CocoaPods.m */ = {isa = PBXFileReference; lastKnownFileType = sourcecode.c.objc; path = CocoaPods.m; sourceTree = "<group>"; };
		8A8085AA178B93C4006E56E3 /* CocoaPods-Prefix.pch */ = {isa = PBXFileReference; lastKnownFileType = sourcecode.c.h; path = "CocoaPods-Prefix.pch"; sourceTree = "<group>"; };
		987B554D00FD46EB83ACE604 /* Pods-CocoaPodsTests.xcconfig */ = {isa = PBXFileReference; includeInIndex = 1; lastKnownFileType = text.xcconfig; name = "Pods-CocoaPodsTests.xcconfig"; path = "Pods/Pods-CocoaPodsTests.xcconfig"; sourceTree = SOURCE_ROOT; };
		BE27DB1AFC6F4C2498848499 /* libPods-CocoaPodsTests.a */ = {isa = PBXFileReference; explicitFileType = archive.ar; includeInIndex = 0; path = "libPods-CocoaPodsTests.a"; sourceTree = BUILT_PRODUCTS_DIR; };
		DAB0A1E4178DF5EE004A754B /* CocoaPodsTests.octest */ = {isa = PBXFileReference; explicitFileType = wrapper.cfbundle; includeInIndex = 0; path = CocoaPodsTests.octest; sourceTree = BUILT_PRODUCTS_DIR; };
		DAB0A1E5178DF5EE004A754B /* SenTestingKit.framework */ = {isa = PBXFileReference; lastKnownFileType = wrapper.framework; name = SenTestingKit.framework; path = Library/Frameworks/SenTestingKit.framework; sourceTree = DEVELOPER_DIR; };
		DAB0A1E9178DF5EE004A754B /* CocoaPodsTests-Info.plist */ = {isa = PBXFileReference; lastKnownFileType = text.plist.xml; path = "CocoaPodsTests-Info.plist"; sourceTree = "<group>"; };
		DAB0A1EB178DF5EE004A754B /* en */ = {isa = PBXFileReference; lastKnownFileType = text.plist.strings; name = en; path = en.lproj/InfoPlist.strings; sourceTree = "<group>"; };
		DAB0A1EF178DF5EE004A754B /* CocoaPodsTests-Prefix.pch */ = {isa = PBXFileReference; lastKnownFileType = sourcecode.c.h; path = "CocoaPodsTests-Prefix.pch"; sourceTree = "<group>"; };
		DAB0A1F5178DF64E004A754B /* CocoaPodsSpec.m */ = {isa = PBXFileReference; fileEncoding = 4; lastKnownFileType = sourcecode.c.objc; path = CocoaPodsSpec.m; sourceTree = "<group>"; };
		DAD58A90178E096700939F87 /* Cocoa.framework */ = {isa = PBXFileReference; lastKnownFileType = wrapper.framework; name = Cocoa.framework; path = System/Library/Frameworks/Cocoa.framework; sourceTree = SDKROOT; };
/* End PBXFileReference section */

/* Begin PBXFrameworksBuildPhase section */
		8A808597178B93C4006E56E3 /* Frameworks */ = {
			isa = PBXFrameworksBuildPhase;
			buildActionMask = 2147483647;
			files = (
				8A80859E178B93C4006E56E3 /* AppKit.framework in Frameworks */,
				8A8085A0178B93C4006E56E3 /* Foundation.framework in Frameworks */,
			);
			runOnlyForDeploymentPostprocessing = 0;
		};
		DAB0A1E1178DF5EE004A754B /* Frameworks */ = {
			isa = PBXFrameworksBuildPhase;
			buildActionMask = 2147483647;
			files = (
				DAB0A1E6178DF5EE004A754B /* SenTestingKit.framework in Frameworks */,
				457DEFB896CD4B97948E9401 /* libPods-CocoaPodsTests.a in Frameworks */,
			);
			runOnlyForDeploymentPostprocessing = 0;
		};
/* End PBXFrameworksBuildPhase section */

/* Begin PBXGroup section */
		8A275F8A178EFD2800FAB421 /* Helpers */ = {
			isa = PBXGroup;
			children = (
				8A275F8B178EFD2800FAB421 /* CCPShellHandler.h */,
				8A275F8C178EFD2800FAB421 /* CCPShellHandler.m */,
			);
			path = Helpers;
			sourceTree = "<group>";
		};
		8A808591178B93C4006E56E3 = {
			isa = PBXGroup;
			children = (
				8A8085A1178B93C4006E56E3 /* CocoaPods */,
				DAB0A1E7178DF5EE004A754B /* CocoaPodsTests */,
				8A80859C178B93C4006E56E3 /* Frameworks */,
				8A80859B178B93C4006E56E3 /* Products */,
				987B554D00FD46EB83ACE604 /* Pods-CocoaPodsTests.xcconfig */,
			);
			sourceTree = "<group>";
		};
		8A80859B178B93C4006E56E3 /* Products */ = {
			isa = PBXGroup;
			children = (
				8A80859A178B93C4006E56E3 /* CocoaPods.xcplugin */,
				DAB0A1E4178DF5EE004A754B /* CocoaPodsTests.octest */,
			);
			name = Products;
			sourceTree = "<group>";
		};
		8A80859C178B93C4006E56E3 /* Frameworks */ = {
			isa = PBXGroup;
			children = (
				DAD58A90178E096700939F87 /* Cocoa.framework */,
				8A80859D178B93C4006E56E3 /* AppKit.framework */,
				8A80859F178B93C4006E56E3 /* Foundation.framework */,
				DAB0A1E5178DF5EE004A754B /* SenTestingKit.framework */,
				BE27DB1AFC6F4C2498848499 /* libPods-CocoaPodsTests.a */,
			);
			name = Frameworks;
			sourceTree = "<group>";
		};
		8A8085A1178B93C4006E56E3 /* CocoaPods */ = {
			isa = PBXGroup;
			children = (
				8A275F8A178EFD2800FAB421 /* Helpers */,
				8A8085A7178B93C4006E56E3 /* CocoaPods.h */,
				8A8085A8178B93C4006E56E3 /* CocoaPods.m */,
				8A8085A2178B93C4006E56E3 /* Supporting Files */,
			);
			name = CocoaPods;
			path = cocoadocs;
			sourceTree = "<group>";
		};
		8A8085A2178B93C4006E56E3 /* Supporting Files */ = {
			isa = PBXGroup;
			children = (
				8A8085A3178B93C4006E56E3 /* CocoaPods-Info.plist */,
				8A8085A4178B93C4006E56E3 /* InfoPlist.strings */,
				8A8085AA178B93C4006E56E3 /* CocoaPods-Prefix.pch */,
			);
			name = "Supporting Files";
			sourceTree = "<group>";
		};
		DAB0A1E7178DF5EE004A754B /* CocoaPodsTests */ = {
			isa = PBXGroup;
			children = (
				DAB0A1F5178DF64E004A754B /* CocoaPodsSpec.m */,
				DAB0A1E8178DF5EE004A754B /* Supporting Files */,
			);
			path = CocoaPodsTests;
			sourceTree = "<group>";
		};
		DAB0A1E8178DF5EE004A754B /* Supporting Files */ = {
			isa = PBXGroup;
			children = (
				DAB0A1E9178DF5EE004A754B /* CocoaPodsTests-Info.plist */,
				DAB0A1EA178DF5EE004A754B /* InfoPlist.strings */,
				DAB0A1EF178DF5EE004A754B /* CocoaPodsTests-Prefix.pch */,
			);
			name = "Supporting Files";
			sourceTree = "<group>";
		};
/* End PBXGroup section */

/* Begin PBXNativeTarget section */
		8A808599178B93C4006E56E3 /* CocoaPods */ = {
			isa = PBXNativeTarget;
			buildConfigurationList = 8A8085AD178B93C4006E56E3 /* Build configuration list for PBXNativeTarget "CocoaPods" */;
			buildPhases = (
				8A808596178B93C4006E56E3 /* Sources */,
				8A808597178B93C4006E56E3 /* Frameworks */,
				8A808598178B93C4006E56E3 /* Resources */,
			);
			buildRules = (
			);
			dependencies = (
			);
			name = CocoaPods;
			productName = cocoadocs;
			productReference = 8A80859A178B93C4006E56E3 /* CocoaPods.xcplugin */;
			productType = "com.apple.product-type.bundle";
		};
		DAB0A1E3178DF5EE004A754B /* CocoaPodsTests */ = {
			isa = PBXNativeTarget;
			buildConfigurationList = DAB0A1F4178DF5EE004A754B /* Build configuration list for PBXNativeTarget "CocoaPodsTests" */;
			buildPhases = (
				BF5C51DE393C46A48CF9023F /* Check Pods Manifest.lock */,
				DAB0A1E0178DF5EE004A754B /* Sources */,
				DAB0A1E1178DF5EE004A754B /* Frameworks */,
				DAB0A1E2178DF5EE004A754B /* Resources */,
				863DDC29EAE64C4F943F84FC /* Copy Pods Resources */,
			);
			buildRules = (
			);
			dependencies = (
			);
			name = CocoaPodsTests;
			productName = CocoaPodsTests;
			productReference = DAB0A1E4178DF5EE004A754B /* CocoaPodsTests.octest */;
			productType = "com.apple.product-type.bundle";
		};
/* End PBXNativeTarget section */

/* Begin PBXProject section */
		8A808592178B93C4006E56E3 /* Project object */ = {
			isa = PBXProject;
			attributes = {
				LastUpgradeCheck = 0460;
				ORGANIZATIONNAME = "Delisa Mason";
				TargetAttributes = {
					DAB0A1E3178DF5EE004A754B = {
						TestTargetID = 8A808599178B93C4006E56E3;
					};
				};
			};
			buildConfigurationList = 8A808595178B93C4006E56E3 /* Build configuration list for PBXProject "CocoaPods" */;
			compatibilityVersion = "Xcode 3.2";
			developmentRegion = English;
			hasScannedForEncodings = 0;
			knownRegions = (
				en,
			);
			mainGroup = 8A808591178B93C4006E56E3;
			productRefGroup = 8A80859B178B93C4006E56E3 /* Products */;
			projectDirPath = "";
			projectRoot = "";
			targets = (
				8A808599178B93C4006E56E3 /* CocoaPods */,
				DAB0A1E3178DF5EE004A754B /* CocoaPodsTests */,
			);
		};
/* End PBXProject section */

/* Begin PBXResourcesBuildPhase section */
		8A808598178B93C4006E56E3 /* Resources */ = {
			isa = PBXResourcesBuildPhase;
			buildActionMask = 2147483647;
			files = (
				8A8085A6178B93C4006E56E3 /* InfoPlist.strings in Resources */,
			);
			runOnlyForDeploymentPostprocessing = 0;
		};
		DAB0A1E2178DF5EE004A754B /* Resources */ = {
			isa = PBXResourcesBuildPhase;
			buildActionMask = 2147483647;
			files = (
				DAB0A1EC178DF5EE004A754B /* InfoPlist.strings in Resources */,
			);
			runOnlyForDeploymentPostprocessing = 0;
		};
/* End PBXResourcesBuildPhase section */

/* Begin PBXShellScriptBuildPhase section */
		863DDC29EAE64C4F943F84FC /* Copy Pods Resources */ = {
			isa = PBXShellScriptBuildPhase;
			buildActionMask = 2147483647;
			files = (
			);
			inputPaths = (
			);
			name = "Copy Pods Resources";
			outputPaths = (
			);
			runOnlyForDeploymentPostprocessing = 0;
			shellPath = /bin/sh;
			shellScript = "\"${SRCROOT}/Pods/Pods-CocoaPodsTests-resources.sh\"\n";
		};
		BF5C51DE393C46A48CF9023F /* Check Pods Manifest.lock */ = {
			isa = PBXShellScriptBuildPhase;
			buildActionMask = 2147483647;
			files = (
			);
			inputPaths = (
			);
			name = "Check Pods Manifest.lock";
			outputPaths = (
			);
			runOnlyForDeploymentPostprocessing = 0;
			shellPath = /bin/sh;
			shellScript = "diff \"${PODS_ROOT}/../Podfile.lock\" \"${PODS_ROOT}/Manifest.lock\" > /dev/null\nif [[ $? != 0 ]] ; then\n    cat << EOM\nerror: The sandbox is not in sync with the Podfile.lock. Run 'pod install' or update your CocoaPods installation.\nEOM\n    exit 1\nfi\n";
		};
/* End PBXShellScriptBuildPhase section */

/* Begin PBXSourcesBuildPhase section */
		8A808596178B93C4006E56E3 /* Sources */ = {
			isa = PBXSourcesBuildPhase;
			buildActionMask = 2147483647;
			files = (
				8A8085A9178B93C4006E56E3 /* CocoaPods.m in Sources */,
				8A275F8D178EFD2800FAB421 /* CCPShellHandler.m in Sources */,
			);
			runOnlyForDeploymentPostprocessing = 0;
		};
		DAB0A1E0178DF5EE004A754B /* Sources */ = {
			isa = PBXSourcesBuildPhase;
			buildActionMask = 2147483647;
			files = (
				DA5DD7DA178E02900032D9C3 /* CocoaPods.m in Sources */,
				DAB0A1F6178DF64E004A754B /* CocoaPodsSpec.m in Sources */,
				8A275F8E178EFD2800FAB421 /* CCPShellHandler.m in Sources */,
			);
			runOnlyForDeploymentPostprocessing = 0;
		};
/* End PBXSourcesBuildPhase section */

/* Begin PBXVariantGroup section */
		8A8085A4178B93C4006E56E3 /* InfoPlist.strings */ = {
			isa = PBXVariantGroup;
			children = (
				8A8085A5178B93C4006E56E3 /* en */,
			);
			name = InfoPlist.strings;
			sourceTree = "<group>";
		};
		DAB0A1EA178DF5EE004A754B /* InfoPlist.strings */ = {
			isa = PBXVariantGroup;
			children = (
				DAB0A1EB178DF5EE004A754B /* en */,
			);
			name = InfoPlist.strings;
			sourceTree = "<group>";
		};
/* End PBXVariantGroup section */

/* Begin XCBuildConfiguration section */
		8A8085AB178B93C4006E56E3 /* Debug */ = {
			isa = XCBuildConfiguration;
			buildSettings = {
				ALWAYS_SEARCH_USER_PATHS = NO;
				ARCHS = "$(ARCHS_STANDARD_64_BIT)";
				CLANG_CXX_LANGUAGE_STANDARD = "gnu++0x";
				CLANG_CXX_LIBRARY = "libc++";
				CLANG_WARN_CONSTANT_CONVERSION = YES;
				CLANG_WARN_EMPTY_BODY = YES;
				CLANG_WARN_ENUM_CONVERSION = YES;
				CLANG_WARN_INT_CONVERSION = YES;
				CLANG_WARN__DUPLICATE_METHOD_MATCH = YES;
				COPY_PHASE_STRIP = NO;
				GCC_C_LANGUAGE_STANDARD = gnu99;
				GCC_DYNAMIC_NO_PIC = NO;
				GCC_ENABLE_OBJC_EXCEPTIONS = YES;
				GCC_OPTIMIZATION_LEVEL = 0;
				GCC_PREPROCESSOR_DEFINITIONS = (
					"DEBUG=1",
					"$(inherited)",
				);
				GCC_SYMBOLS_PRIVATE_EXTERN = NO;
				GCC_WARN_64_TO_32_BIT_CONVERSION = YES;
				GCC_WARN_ABOUT_RETURN_TYPE = YES;
				GCC_WARN_UNINITIALIZED_AUTOS = YES;
				GCC_WARN_UNUSED_VARIABLE = YES;
				MACOSX_DEPLOYMENT_TARGET = 10.8;
				ONLY_ACTIVE_ARCH = YES;
				SDKROOT = macosx;
			};
			name = Debug;
		};
		8A8085AC178B93C4006E56E3 /* Release */ = {
			isa = XCBuildConfiguration;
			buildSettings = {
				ALWAYS_SEARCH_USER_PATHS = NO;
				ARCHS = "$(ARCHS_STANDARD_64_BIT)";
				CLANG_CXX_LANGUAGE_STANDARD = "gnu++0x";
				CLANG_CXX_LIBRARY = "libc++";
				CLANG_WARN_CONSTANT_CONVERSION = YES;
				CLANG_WARN_EMPTY_BODY = YES;
				CLANG_WARN_ENUM_CONVERSION = YES;
				CLANG_WARN_INT_CONVERSION = YES;
				CLANG_WARN__DUPLICATE_METHOD_MATCH = YES;
				COPY_PHASE_STRIP = YES;
				DEBUG_INFORMATION_FORMAT = "dwarf-with-dsym";
				GCC_C_LANGUAGE_STANDARD = gnu99;
				GCC_ENABLE_OBJC_EXCEPTIONS = YES;
				GCC_WARN_64_TO_32_BIT_CONVERSION = YES;
				GCC_WARN_ABOUT_RETURN_TYPE = YES;
				GCC_WARN_UNINITIALIZED_AUTOS = YES;
				GCC_WARN_UNUSED_VARIABLE = YES;
				MACOSX_DEPLOYMENT_TARGET = 10.8;
				SDKROOT = macosx;
			};
			name = Release;
		};
		8A8085AE178B93C4006E56E3 /* Debug */ = {
			isa = XCBuildConfiguration;
			buildSettings = {
				CLANG_ENABLE_OBJC_ARC = YES;
				COMBINE_HIDPI_IMAGES = YES;
				DEPLOYMENT_LOCATION = YES;
				DSTROOT = "$(HOME)";
				GCC_PRECOMPILE_PREFIX_HEADER = YES;
				GCC_PREFIX_HEADER = "cocoadocs/CocoaPods-Prefix.pch";
				INFOPLIST_FILE = "cocoadocs/CocoaPods-Info.plist";
				INSTALL_PATH = "/Library/Application Support/Developer/Shared/Xcode/Plug-ins";
				PRODUCT_NAME = CocoaPods;
				WRAPPER_EXTENSION = xcplugin;
			};
			name = Debug;
		};
		8A8085AF178B93C4006E56E3 /* Release */ = {
			isa = XCBuildConfiguration;
			buildSettings = {
				CLANG_ENABLE_OBJC_ARC = YES;
				COMBINE_HIDPI_IMAGES = YES;
				DEPLOYMENT_LOCATION = YES;
				DSTROOT = "$(HOME)";
				GCC_PRECOMPILE_PREFIX_HEADER = YES;
				GCC_PREFIX_HEADER = "cocoadocs/CocoaPods-Prefix.pch";
				INFOPLIST_FILE = "cocoadocs/CocoaPods-Info.plist";
				INSTALL_PATH = "/Library/Application Support/Developer/Shared/Xcode/Plug-ins";
				PRODUCT_NAME = CocoaPods;
				WRAPPER_EXTENSION = xcplugin;
			};
			name = Release;
		};
		DAB0A1F2178DF5EE004A754B /* Debug */ = {
			isa = XCBuildConfiguration;
			baseConfigurationReference = 987B554D00FD46EB83ACE604 /* Pods-CocoaPodsTests.xcconfig */;
			buildSettings = {
				BUNDLE_LOADER = "$(BUILT_PRODUCTS_DIR)/CocoaPods.xcplugin/Contents/MacOS/CocoaPods";
				CLANG_ENABLE_MODULES = YES;
				CLANG_ENABLE_OBJC_ARC = YES;
				CLANG_WARN_BOOL_CONVERSION = YES;
				CLANG_WARN_DIRECT_OBJC_ISA_USAGE = YES_ERROR;
				CLANG_WARN_OBJC_ROOT_CLASS = YES_ERROR;
				FRAMEWORK_SEARCH_PATHS = (
					"$(DEVELOPER_FRAMEWORKS_DIR)",
					"$(inherited)",
				);
				GCC_PRECOMPILE_PREFIX_HEADER = YES;
				GCC_PREFIX_HEADER = "CocoaPodsTests/CocoaPodsTests-Prefix.pch";
				GCC_PREPROCESSOR_DEFINITIONS = (
					"DEBUG=1",
					"$(inherited)",
				);
				GCC_WARN_ABOUT_RETURN_TYPE = YES_ERROR;
				GCC_WARN_UNDECLARED_SELECTOR = YES;
				GCC_WARN_UNUSED_FUNCTION = YES;
				INFOPLIST_FILE = "CocoaPodsTests/CocoaPodsTests-Info.plist";
				MACOSX_DEPLOYMENT_TARGET = 10.9;
				PRODUCT_NAME = "$(TARGET_NAME)";
				TEST_HOST = "$(BUNDLE_LOADER)";
				WRAPPER_EXTENSION = octest;
			};
			name = Debug;
		};
		DAB0A1F3178DF5EE004A754B /* Release */ = {
			isa = XCBuildConfiguration;
			baseConfigurationReference = 987B554D00FD46EB83ACE604 /* Pods-CocoaPodsTests.xcconfig */;
			buildSettings = {
				BUNDLE_LOADER = "$(BUILT_PRODUCTS_DIR)/CocoaPods.xcplugin/Contents/MacOS/CocoaPods";
				CLANG_ENABLE_MODULES = YES;
				CLANG_ENABLE_OBJC_ARC = YES;
				CLANG_WARN_BOOL_CONVERSION = YES;
				CLANG_WARN_DIRECT_OBJC_ISA_USAGE = YES_ERROR;
				CLANG_WARN_OBJC_ROOT_CLASS = YES_ERROR;
				ENABLE_NS_ASSERTIONS = NO;
				FRAMEWORK_SEARCH_PATHS = (
					"$(DEVELOPER_FRAMEWORKS_DIR)",
					"$(inherited)",
				);
				GCC_PRECOMPILE_PREFIX_HEADER = YES;
				GCC_PREFIX_HEADER = "CocoaPodsTests/CocoaPodsTests-Prefix.pch";
				GCC_WARN_ABOUT_RETURN_TYPE = YES_ERROR;
				GCC_WARN_UNDECLARED_SELECTOR = YES;
				GCC_WARN_UNUSED_FUNCTION = YES;
				INFOPLIST_FILE = "CocoaPodsTests/CocoaPodsTests-Info.plist";
				MACOSX_DEPLOYMENT_TARGET = 10.9;
				PRODUCT_NAME = "$(TARGET_NAME)";
				TEST_HOST = "$(BUNDLE_LOADER)";
				WRAPPER_EXTENSION = octest;
			};
			name = Release;
		};
/* End XCBuildConfiguration section */

/* Begin XCConfigurationList section */
		8A808595178B93C4006E56E3 /* Build configuration list for PBXProject "CocoaPods" */ = {
			isa = XCConfigurationList;
			buildConfigurations = (
				8A8085AB178B93C4006E56E3 /* Debug */,
				8A8085AC178B93C4006E56E3 /* Release */,
			);
			defaultConfigurationIsVisible = 0;
			defaultConfigurationName = Release;
		};
		8A8085AD178B93C4006E56E3 /* Build configuration list for PBXNativeTarget "CocoaPods" */ = {
			isa = XCConfigurationList;
			buildConfigurations = (
				8A8085AE178B93C4006E56E3 /* Debug */,
				8A8085AF178B93C4006E56E3 /* Release */,
			);
			defaultConfigurationIsVisible = 0;
			defaultConfigurationName = Release;
		};
		DAB0A1F4178DF5EE004A754B /* Build configuration list for PBXNativeTarget "CocoaPodsTests" */ = {
			isa = XCConfigurationList;
			buildConfigurations = (
				DAB0A1F2178DF5EE004A754B /* Debug */,
				DAB0A1F3178DF5EE004A754B /* Release */,
			);
			defaultConfigurationIsVisible = 0;
			defaultConfigurationName = Release;
		};
/* End XCConfigurationList section */
	};
	rootObject = 8A808592178B93C4006E56E3 /* Project object */;
}
